
Microsoft Visual Studio Solution File, Format Version 12.00
# Visual Studio 15
VisualStudioVersion = 15.0.27428.2043
MinimumVisualStudioVersion = 10.0.40219.1
Project("{00D1A9C2-B5F0-4AF3-8072-F6C62B433612}") = "Dip_SWD_EndSem1Challenge_TGVE", "Dip_SWD_EndSem1Challenge_TGVE\Dip_SWD_EndSem1Challenge_TGVE.sqlproj", "{0FE2F74A-3E63-4564-81F1-FB299C4D7C64}"
EndProject
Project("{FAE04EC0-301F-11D3-BF4B-00C04F79EFBC}") = "Dip_SWD_EndSem1Challenge", "Dip_SWD_EndSem1Challenge\Dip_SWD_EndSem1Challenge.csproj", "{44A71E46-1C1A-48A7-A372-DB465C1A3895}"
EndProject
Project("{FAE04EC0-301F-11D3-BF4B-00C04F79EFBC}") = "Dip_SWD_EndSem1Challenge_TGVE_WPF", "Dip_SWD_EndSem1Challenge_TGVE_WPF\Dip_SWD_EndSem1Challenge_TGVE_WPF.csproj", "{6A90778F-A36F-4F7F-9DF0-E49F2FC4AF23}"
EndProject
Project("{FAE04EC0-301F-11D3-BF4B-00C04F79EFBC}") = "Dip_SWD_EndSem1Challenge_ClassLib", "Dip_SWD_EndSem1Challenge_ClassLib\Dip_SWD_EndSem1Challenge_ClassLib.csproj", "{E29C172F-6121-4206-8F9F-63B14B00C7D8}"
EndProject
Global
	GlobalSection(SolutionConfigurationPlatforms) = preSolution
		Debug|Any CPU = Debug|Any CPU
		Release|Any CPU = Release|Any CPU
	EndGlobalSection
	GlobalSection(ProjectConfigurationPlatforms) = postSolution
		{0FE2F74A-3E63-4564-81F1-FB299C4D7C64}.Debug|Any CPU.ActiveCfg = Debug|Any CPU
		{0FE2F74A-3E63-4564-81F1-FB299C4D7C64}.Debug|Any CPU.Build.0 = Debug|Any CPU
		{0FE2F74A-3E63-4564-81F1-FB299C4D7C64}.Debug|Any CPU.Deploy.0 = Debug|Any CPU
		{0FE2F74A-3E63-4564-81F1-FB299C4D7C64}.Release|Any CPU.ActiveCfg = Release|Any CPU
		{0FE2F74A-3E63-4564-81F1-FB299C4D7C64}.Release|Any CPU.Build.0 = Release|Any CPU
		{0FE2F74A-3E63-4564-81F1-FB299C4D7C64}.Release|Any CPU.Deploy.0 = Release|Any CPU
		{44A71E46-1C1A-48A7-A372-DB465C1A3895}.Debug|Any CPU.ActiveCfg = Debug|Any CPU
		{44A71E46-1C1A-48A7-A372-DB465C1A3895}.Debug|Any CPU.Build.0 = Debug|Any CPU
		{44A71E46-1C1A-48A7-A372-DB465C1A3895}.Release|Any CPU.ActiveCfg = Release|Any CPU
		{44A71E46-1C1A-48A7-A372-DB465C1A3895}.Release|Any CPU.Build.0 = Release|Any CPU
		{6A90778F-A36F-4F7F-9DF0-E49F2FC4AF23}.Debug|Any CPU.ActiveCfg = Debug|Any CPU
		{6A90778F-A36F-4F7F-9DF0-E49F2FC4AF23}.Debug|Any CPU.Build.0 = Debug|Any CPU
		{6A90778F-A36F-4F7F-9DF0-E49F2FC4AF23}.Release|Any CPU.ActiveCfg = Release|Any CPU
		{6A90778F-A36F-4F7F-9DF0-E49F2FC4AF23}.Release|Any CPU.Build.0 = Release|Any CPU
		{E29C172F-6121-4206-8F9F-63B14B00C7D8}.Debug|Any CPU.ActiveCfg = Debug|Any CPU
		{E29C172F-6121-4206-8F9F-63B14B00C7D8}.Debug|Any CPU.Build.0 = Debug|Any CPU
		{E29C172F-6121-4206-8F9F-63B14B00C7D8}.Release|Any CPU.ActiveCfg = Release|Any CPU
		{E29C172F-6121-4206-8F9F-63B14B00C7D8}.Release|Any CPU.Build.0 = Release|Any CPU
	EndGlobalSection
	GlobalSection(SolutionProperties) = preSolution
		HideSolutionNode = FALSE
	EndGlobalSection
	GlobalSection(ExtensibilityGlobals) = postSolution
		SolutionGuid = {781D657B-CB81-450B-A8E8-AC16DF948D04}
	EndGlobalSection
EndGlobal
